
Microsoft Visual Studio Solution File, Format Version 12.00
# Visual Studio Version 18
VisualStudioVersion = 18.0.11012.119 d18.0
MinimumVisualStudioVersion = 10.0.40219.1
Project("{2150E333-8FDC-42A3-9474-1A3956D46DE8}") = "src", "src", "{02EA681E-C7D8-13C7-8484-4AC65E1B71E8}"
EndProject
Project("{2150E333-8FDC-42A3-9474-1A3956D46DE8}") = "ERP", "ERP", "{0C0FA437-7E20-4380-A654-E7A2B1CA8A34}"
EndProject
Project("{2150E333-8FDC-42A3-9474-1A3956D46DE8}") = "API", "API", "{94A9B616-7C30-4912-B94F-F831C8338B4F}"
EndProject
Project("{2150E333-8FDC-42A3-9474-1A3956D46DE8}") = "Core", "Core", "{28803225-93A8-43FC-88FA-7A3E6B0E04BC}"
EndProject
Project("{2150E333-8FDC-42A3-9474-1A3956D46DE8}") = "Infrastructure", "Infrastructure", "{D0F493BF-426E-49AF-B3E2-E204F3B94C91}"
EndProject
Project("{2150E333-8FDC-42A3-9474-1A3956D46DE8}") = "Common", "Common", "{F6D4D40E-8A58-46CA-8800-5BA66D58B02D}"
EndProject
Project("{2150E333-8FDC-42A3-9474-1A3956D46DE8}") = "Utils", "Utils", "{3976E1BF-D7B7-442E-A522-9A96BECFC40B}"
EndProject
Project("{FAE04EC0-301F-11D3-BF4B-00C04F79EFBC}") = "VMT.ERP.Utils", "src\VMT.ERP.Utils\VMT.ERP.Utils.csproj", "{4009102E-2CB3-459F-AF10-ABD3A3478315}"
EndProject
Project("{FAE04EC0-301F-11D3-BF4B-00C04F79EFBC}") = "VMT.ERP.Api", "src\VMT.ERP.Api\VMT.ERP.Api.csproj", "{10F83497-9762-4CAD-B2E9-493F40392118}"
EndProject
Project("{FAE04EC0-301F-11D3-BF4B-00C04F79EFBC}") = "VMT.ERP.Domain", "src\VMT.ERP.Domain\VMT.ERP.Domain.csproj", "{95FCB6D1-569C-4473-A43B-0D278B0F694E}"
EndProject
Project("{FAE04EC0-301F-11D3-BF4B-00C04F79EFBC}") = "VMT.ERP.Application", "src\VMT.ERP.Application\VMT.ERP.Application.csproj", "{781FDA45-D6D8-47E5-B6A3-F70371C5EBD3}"
EndProject
Project("{FAE04EC0-301F-11D3-BF4B-00C04F79EFBC}") = "VMT.ERP.Common", "src\VMT.ERP.Common\VMT.ERP.Common.csproj", "{1CA1871D-156C-47B1-B8A1-589924BC9137}"
EndProject
Project("{FAE04EC0-301F-11D3-BF4B-00C04F79EFBC}") = "VMT.ERP.Persistence", "src\VMT.ERP.Persistence\VMT.ERP.Persistence.csproj", "{452B2D32-16D6-4324-9ED6-91A10F3C61E0}"
EndProject
Project("{2150E333-8FDC-42A3-9474-1A3956D46DE8}") = "SMTP", "SMTP", "{C907C096-CD87-4CD7-83D3-61B7D49C3C52}"
EndProject
Project("{2150E333-8FDC-42A3-9474-1A3956D46DE8}") = "PDF", "PDF", "{0C63BFBB-07DF-4B41-BB00-EC9131C91057}"
EndProject
Global
	GlobalSection(SolutionConfigurationPlatforms) = preSolution
		Debug|Any CPU = Debug|Any CPU
		Release|Any CPU = Release|Any CPU
	EndGlobalSection
	GlobalSection(ProjectConfigurationPlatforms) = postSolution
		{4009102E-2CB3-459F-AF10-ABD3A3478315}.Debug|Any CPU.ActiveCfg = Debug|Any CPU
		{4009102E-2CB3-459F-AF10-ABD3A3478315}.Debug|Any CPU.Build.0 = Debug|Any CPU
		{4009102E-2CB3-459F-AF10-ABD3A3478315}.Release|Any CPU.ActiveCfg = Release|Any CPU
		{4009102E-2CB3-459F-AF10-ABD3A3478315}.Release|Any CPU.Build.0 = Release|Any CPU
		{10F83497-9762-4CAD-B2E9-493F40392118}.Debug|Any CPU.ActiveCfg = Debug|Any CPU
		{10F83497-9762-4CAD-B2E9-493F40392118}.Debug|Any CPU.Build.0 = Debug|Any CPU
		{10F83497-9762-4CAD-B2E9-493F40392118}.Release|Any CPU.ActiveCfg = Release|Any CPU
		{10F83497-9762-4CAD-B2E9-493F40392118}.Release|Any CPU.Build.0 = Release|Any CPU
		{95FCB6D1-569C-4473-A43B-0D278B0F694E}.Debug|Any CPU.ActiveCfg = Debug|Any CPU
		{95FCB6D1-569C-4473-A43B-0D278B0F694E}.Debug|Any CPU.Build.0 = Debug|Any CPU
		{95FCB6D1-569C-4473-A43B-0D278B0F694E}.Release|Any CPU.ActiveCfg = Release|Any CPU
		{95FCB6D1-569C-4473-A43B-0D278B0F694E}.Release|Any CPU.Build.0 = Release|Any CPU
		{781FDA45-D6D8-47E5-B6A3-F70371C5EBD3}.Debug|Any CPU.ActiveCfg = Debug|Any CPU
		{781FDA45-D6D8-47E5-B6A3-F70371C5EBD3}.Debug|Any CPU.Build.0 = Debug|Any CPU
		{781FDA45-D6D8-47E5-B6A3-F70371C5EBD3}.Release|Any CPU.ActiveCfg = Release|Any CPU
		{781FDA45-D6D8-47E5-B6A3-F70371C5EBD3}.Release|Any CPU.Build.0 = Release|Any CPU
		{1CA1871D-156C-47B1-B8A1-589924BC9137}.Debug|Any CPU.ActiveCfg = Debug|Any CPU
		{1CA1871D-156C-47B1-B8A1-589924BC9137}.Debug|Any CPU.Build.0 = Debug|Any CPU
		{1CA1871D-156C-47B1-B8A1-589924BC9137}.Release|Any CPU.ActiveCfg = Release|Any CPU
		{1CA1871D-156C-47B1-B8A1-589924BC9137}.Release|Any CPU.Build.0 = Release|Any CPU
		{452B2D32-16D6-4324-9ED6-91A10F3C61E0}.Debug|Any CPU.ActiveCfg = Debug|Any CPU
		{452B2D32-16D6-4324-9ED6-91A10F3C61E0}.Debug|Any CPU.Build.0 = Debug|Any CPU
		{452B2D32-16D6-4324-9ED6-91A10F3C61E0}.Release|Any CPU.ActiveCfg = Release|Any CPU
		{452B2D32-16D6-4324-9ED6-91A10F3C61E0}.Release|Any CPU.Build.0 = Release|Any CPU
	EndGlobalSection
	GlobalSection(SolutionProperties) = preSolution
		HideSolutionNode = FALSE
	EndGlobalSection
	GlobalSection(NestedProjects) = preSolution
		{0C0FA437-7E20-4380-A654-E7A2B1CA8A34} = {02EA681E-C7D8-13C7-8484-4AC65E1B71E8}
		{94A9B616-7C30-4912-B94F-F831C8338B4F} = {0C0FA437-7E20-4380-A654-E7A2B1CA8A34}
		{28803225-93A8-43FC-88FA-7A3E6B0E04BC} = {0C0FA437-7E20-4380-A654-E7A2B1CA8A34}
		{D0F493BF-426E-49AF-B3E2-E204F3B94C91} = {0C0FA437-7E20-4380-A654-E7A2B1CA8A34}
		{F6D4D40E-8A58-46CA-8800-5BA66D58B02D} = {0C0FA437-7E20-4380-A654-E7A2B1CA8A34}
		{3976E1BF-D7B7-442E-A522-9A96BECFC40B} = {02EA681E-C7D8-13C7-8484-4AC65E1B71E8}
		{4009102E-2CB3-459F-AF10-ABD3A3478315} = {3976E1BF-D7B7-442E-A522-9A96BECFC40B}
		{10F83497-9762-4CAD-B2E9-493F40392118} = {94A9B616-7C30-4912-B94F-F831C8338B4F}
		{95FCB6D1-569C-4473-A43B-0D278B0F694E} = {28803225-93A8-43FC-88FA-7A3E6B0E04BC}
		{781FDA45-D6D8-47E5-B6A3-F70371C5EBD3} = {28803225-93A8-43FC-88FA-7A3E6B0E04BC}
		{1CA1871D-156C-47B1-B8A1-589924BC9137} = {F6D4D40E-8A58-46CA-8800-5BA66D58B02D}
		{452B2D32-16D6-4324-9ED6-91A10F3C61E0} = {D0F493BF-426E-49AF-B3E2-E204F3B94C91}
		{C907C096-CD87-4CD7-83D3-61B7D49C3C52} = {02EA681E-C7D8-13C7-8484-4AC65E1B71E8}
		{0C63BFBB-07DF-4B41-BB00-EC9131C91057} = {02EA681E-C7D8-13C7-8484-4AC65E1B71E8}
	EndGlobalSection
	GlobalSection(ExtensibilityGlobals) = postSolution
		SolutionGuid = {D0E701A6-F923-4698-BAD1-AA2F861207D3}
	EndGlobalSection
EndGlobal
